# @generated by Move, please check-in and do not edit manually.

[move]
version = 0
manifest_digest = "4B8BD71C25A5222538BA3479871EBE94C310E61033B8A0985CDD879C4FFED560"
deps_digest = "060AD7E57DFB13104F21BE5F5C3759D03F0553FC3229247D9A7A6B45F50D03A3"

dependencies = [
  { name = "Sui" },
  { name = "karrier" },
  { name = "karrier_voucher" },
]

[[move.package]]
name = "MoveStdlib"
source = { git = "https://github.com/MystenLabs/sui.git", rev = "framework/testnet", subdir = "crates/sui-framework/packages/move-stdlib" }

[[move.package]]
name = "Sui"
source = { git = "https://github.com/MystenLabs/sui.git", rev = "framework/testnet", subdir = "crates/sui-framework/packages/sui-framework" }

dependencies = [
  { name = "MoveStdlib" },
]

[[move.package]]
name = "karrier"
source = { local = "../tko" }

dependencies = [
  { name = "Sui" },
]

[[move.package]]
name = "karrier_voucher"
source = { local = "../kns_voucher_nft" }

dependencies = [
  { name = "Sui" },
]

[move.toolchain-version]
compiler-version = "1.26.1"
edition = "2024.beta"
flavor = "sui"

[env]

[env.testnet]
chain-id = "4c78adac"
original-published-id = "0x9ee959f9b543aa883a48a9d1739ffbec2530602e7f594ebfa4a5c5c9b000a12b"
latest-published-id = "0x9ee959f9b543aa883a48a9d1739ffbec2530602e7f594ebfa4a5c5c9b000a12b"
published-version = "1"
