# @generated by Move, please check-in and do not edit manually.

[move]
version = 0
manifest_digest = "DB7909E5DB878B5FB808C15BAC2BAFA58307DBA317F5E29FA6FA0485BEFB775A"
deps_digest = "3C4103934B1E040BB6B23F1D610B4EF9F2F1166A50A104EADCF77467C004C600"

dependencies = [
  { name = "Sui" },
  { name = "karrier" },
]

[[move.package]]
name = "MoveStdlib"
source = { git = "https://github.com/MystenLabs/sui.git", rev = "framework/testnet", subdir = "crates/sui-framework/packages/move-stdlib" }

[[move.package]]
name = "Sui"
source = { git = "https://github.com/MystenLabs/sui.git", rev = "framework/testnet", subdir = "crates/sui-framework/packages/sui-framework" }

dependencies = [
  { name = "MoveStdlib" },
]

[[move.package]]
name = "karrier"
source = { local = "../tko" }

dependencies = [
  { name = "Sui" },
]

[move.toolchain-version]
compiler-version = "1.26.1"
edition = "2024.beta"
flavor = "sui"

[env]

[env.testnet]
chain-id = "4c78adac"
original-published-id = "0xb1af5470e25cebc7a91be28f09a9444dc99d76c8e8a2dc05927f76d40069e7bf"
latest-published-id = "0xb1af5470e25cebc7a91be28f09a9444dc99d76c8e8a2dc05927f76d40069e7bf"
published-version = "1"
